
Microsoft Visual Studio Solution File, Format Version 12.00
# Visual Studio Version 16
VisualStudioVersion = 16.0.30204.135
MinimumVisualStudioVersion = 10.0.40219.1
Project("{FAE04EC0-301F-11D3-BF4B-00C04F79EFBC}") = "IntegracionDevops", "IntegracionDevops.csproj", "{6AABE785-1EE3-45E0-B3B6-5C1C428A4AC2}"
EndProject
Global
	GlobalSection(SolutionConfigurationPlatforms) = preSolution
		Debug|Any CPU = Debug|Any CPU
		Release|Any CPU = Release|Any CPU
	EndGlobalSection
	GlobalSection(ProjectConfigurationPlatforms) = postSolution
		{6AABE785-1EE3-45E0-B3B6-5C1C428A4AC2}.Debug|Any CPU.ActiveCfg = Debug|Any CPU
		{6AABE785-1EE3-45E0-B3B6-5C1C428A4AC2}.Debug|Any CPU.Build.0 = Debug|Any CPU
		{6AABE785-1EE3-45E0-B3B6-5C1C428A4AC2}.Release|Any CPU.ActiveCfg = Release|Any CPU
		{6AABE785-1EE3-45E0-B3B6-5C1C428A4AC2}.Release|Any CPU.Build.0 = Release|Any CPU
	EndGlobalSection
	GlobalSection(SolutionProperties) = preSolution
		HideSolutionNode = FALSE
	EndGlobalSection
	GlobalSection(ExtensibilityGlobals) = postSolution
		SolutionGuid = {4BB76636-FE1D-4D46-9A93-B36EE6000134}
	EndGlobalSection
EndGlobal
